
Microsoft Visual Studio Solution File, Format Version 12.00
# Visual Studio 2013
VisualStudioVersion = 12.0.30501.0
MinimumVisualStudioVersion = 10.0.40219.1
Project("{FAE04EC0-301F-11D3-BF4B-00C04F79EFBC}") = "LogEngine", "LogEngine\LogEngine.csproj", "{69FD2D71-4D2A-4EA0-B1EB-16585534B423}"
EndProject
Project("{FAE04EC0-301F-11D3-BF4B-00C04F79EFBC}") = "Runner", "Runner\Runner.csproj", "{FC01A1F3-C9D8-49F9-85F6-2F616EA35608}"
EndProject
Global
	GlobalSection(TeamFoundationVersionControl) = preSolution
		SccNumberOfProjects = 3
		SccEnterpriseProvider = {4CA58AB2-18FA-4F8D-95D4-32DDF27D184C}
		SccTeamFoundationServer = https://dormendo.visualstudio.com/defaultcollection
		SccLocalPath0 = .
		SccProjectUniqueName1 = LogEngine\\LogEngine.csproj
		SccProjectName1 = LogEngine
		SccLocalPath1 = LogEngine
		SccProjectUniqueName2 = Runner\\Runner.csproj
		SccProjectName2 = Runner
		SccLocalPath2 = Runner
	EndGlobalSection
	GlobalSection(SolutionConfigurationPlatforms) = preSolution
		Debug|Any CPU = Debug|Any CPU
		Debug|x64 = Debug|x64
		Release|Any CPU = Release|Any CPU
		Release|x64 = Release|x64
	EndGlobalSection
	GlobalSection(ProjectConfigurationPlatforms) = postSolution
		{69FD2D71-4D2A-4EA0-B1EB-16585534B423}.Debug|Any CPU.ActiveCfg = Debug|Any CPU
		{69FD2D71-4D2A-4EA0-B1EB-16585534B423}.Debug|Any CPU.Build.0 = Debug|Any CPU
		{69FD2D71-4D2A-4EA0-B1EB-16585534B423}.Debug|x64.ActiveCfg = Debug|x64
		{69FD2D71-4D2A-4EA0-B1EB-16585534B423}.Debug|x64.Build.0 = Debug|x64
		{69FD2D71-4D2A-4EA0-B1EB-16585534B423}.Release|Any CPU.ActiveCfg = Release|Any CPU
		{69FD2D71-4D2A-4EA0-B1EB-16585534B423}.Release|Any CPU.Build.0 = Release|Any CPU
		{69FD2D71-4D2A-4EA0-B1EB-16585534B423}.Release|x64.ActiveCfg = Release|x64
		{69FD2D71-4D2A-4EA0-B1EB-16585534B423}.Release|x64.Build.0 = Release|x64
		{FC01A1F3-C9D8-49F9-85F6-2F616EA35608}.Debug|Any CPU.ActiveCfg = Debug|Any CPU
		{FC01A1F3-C9D8-49F9-85F6-2F616EA35608}.Debug|Any CPU.Build.0 = Debug|Any CPU
		{FC01A1F3-C9D8-49F9-85F6-2F616EA35608}.Debug|x64.ActiveCfg = Debug|x64
		{FC01A1F3-C9D8-49F9-85F6-2F616EA35608}.Debug|x64.Build.0 = Debug|x64
		{FC01A1F3-C9D8-49F9-85F6-2F616EA35608}.Release|Any CPU.ActiveCfg = Release|Any CPU
		{FC01A1F3-C9D8-49F9-85F6-2F616EA35608}.Release|Any CPU.Build.0 = Release|Any CPU
		{FC01A1F3-C9D8-49F9-85F6-2F616EA35608}.Release|x64.ActiveCfg = Release|x64
		{FC01A1F3-C9D8-49F9-85F6-2F616EA35608}.Release|x64.Build.0 = Release|x64
	EndGlobalSection
	GlobalSection(SolutionProperties) = preSolution
		HideSolutionNode = FALSE
	EndGlobalSection
EndGlobal
