
Microsoft Visual Studio Solution File, Format Version 12.00
# Visual Studio 15
VisualStudioVersion = 15.0.28010.2019
MinimumVisualStudioVersion = 10.0.40219.1
Project("{2150E333-8FDC-42A3-9474-1A3956D46DE8}") = "Tips24.MobileClient", "Tips24.MobileClient", "{C9AF56AD-549F-4DD0-BAEE-EE9A9C68638D}"
EndProject
Project("{2150E333-8FDC-42A3-9474-1A3956D46DE8}") = "Tips24.Server", "Tips24.Server", "{5E2342C6-35AA-40F1-B8AE-2248F928F9E3}"
EndProject
Project("{2150E333-8FDC-42A3-9474-1A3956D46DE8}") = "Tools", "Tools", "{1C5E30A2-8ACF-4638-8A9B-4B2F50FFF098}"
EndProject
Project("{FAE04EC0-301F-11D3-BF4B-00C04F79EFBC}") = "AutomateCommandCreation", "Tools\AutomateCommandCreation\AutomateCommandCreation.csproj", "{88705438-39CE-43DE-BD49-1F6C399DAE87}"
EndProject
Project("{FAE04EC0-301F-11D3-BF4B-00C04F79EFBC}") = "Tips24.DataAccess", "Tips24.Server\Tips24.DataAccess\Tips24.DataAccess.csproj", "{D3BDE223-12D1-44C2-9030-154F94A58E1C}"
EndProject
Project("{FAE04EC0-301F-11D3-BF4B-00C04F79EFBC}") = "Tips24.Scripts", "Tips24.Server\Tips24.Scripts\Tips24.Scripts.csproj", "{4F5E2FC8-2074-47DA-9FEE-B071D640BB82}"
EndProject
Project("{FAE04EC0-301F-11D3-BF4B-00C04F79EFBC}") = "Tips24.Dto", "Tips24.Server\Tips24.Dto\Tips24.Dto.csproj", "{FFE95060-E3CF-4F9E-A1D5-E84900410030}"
EndProject
Project("{FAE04EC0-301F-11D3-BF4B-00C04F79EFBC}") = "Tips24.Backend", "Tips24.Server\Tips24.Backend\Tips24.Backend.csproj", "{678DFAB9-D1E9-430A-AF12-BADDEDA95743}"
EndProject
Project("{FAE04EC0-301F-11D3-BF4B-00C04F79EFBC}") = "Tips24.Client", "Tips24.MobileClient\Tips24.Waiter\Tips24.Client.csproj", "{F1CA6351-F7E8-4C53-B295-A590A974F9D6}"
EndProject
Project("{FAE04EC0-301F-11D3-BF4B-00C04F79EFBC}") = "Tips24.Client.iOS", "Tips24.MobileClient\Tips24.Waiter.iOS\Tips24.Client.iOS.csproj", "{1A01DF43-35C8-4DA8-B0BE-A95773916F78}"
EndProject
Project("{FAE04EC0-301F-11D3-BF4B-00C04F79EFBC}") = "Tips24.Client.Android", "Tips24.MobileClient\Tips24.Waiter.Android\Tips24.Client.Android.csproj", "{E3EBA97F-3A34-4758-8311-648B9C79ED71}"
EndProject
Global
	GlobalSection(SolutionConfigurationPlatforms) = preSolution
		Ad-Hoc|Any CPU = Ad-Hoc|Any CPU
		Ad-Hoc|iPhone = Ad-Hoc|iPhone
		Ad-Hoc|iPhoneSimulator = Ad-Hoc|iPhoneSimulator
		AppStore|Any CPU = AppStore|Any CPU
		AppStore|iPhone = AppStore|iPhone
		AppStore|iPhoneSimulator = AppStore|iPhoneSimulator
		Debug|Any CPU = Debug|Any CPU
		Debug|iPhone = Debug|iPhone
		Debug|iPhoneSimulator = Debug|iPhoneSimulator
		Release|Any CPU = Release|Any CPU
		Release|iPhone = Release|iPhone
		Release|iPhoneSimulator = Release|iPhoneSimulator
	EndGlobalSection
	GlobalSection(ProjectConfigurationPlatforms) = postSolution
		{88705438-39CE-43DE-BD49-1F6C399DAE87}.Ad-Hoc|Any CPU.ActiveCfg = Release|Any CPU
		{88705438-39CE-43DE-BD49-1F6C399DAE87}.Ad-Hoc|Any CPU.Build.0 = Release|Any CPU
		{88705438-39CE-43DE-BD49-1F6C399DAE87}.Ad-Hoc|iPhone.ActiveCfg = Release|Any CPU
		{88705438-39CE-43DE-BD49-1F6C399DAE87}.Ad-Hoc|iPhone.Build.0 = Release|Any CPU
		{88705438-39CE-43DE-BD49-1F6C399DAE87}.Ad-Hoc|iPhoneSimulator.ActiveCfg = Release|Any CPU
		{88705438-39CE-43DE-BD49-1F6C399DAE87}.Ad-Hoc|iPhoneSimulator.Build.0 = Release|Any CPU
		{88705438-39CE-43DE-BD49-1F6C399DAE87}.AppStore|Any CPU.ActiveCfg = Release|Any CPU
		{88705438-39CE-43DE-BD49-1F6C399DAE87}.AppStore|Any CPU.Build.0 = Release|Any CPU
		{88705438-39CE-43DE-BD49-1F6C399DAE87}.AppStore|iPhone.ActiveCfg = Release|Any CPU
		{88705438-39CE-43DE-BD49-1F6C399DAE87}.AppStore|iPhone.Build.0 = Release|Any CPU
		{88705438-39CE-43DE-BD49-1F6C399DAE87}.AppStore|iPhoneSimulator.ActiveCfg = Release|Any CPU
		{88705438-39CE-43DE-BD49-1F6C399DAE87}.AppStore|iPhoneSimulator.Build.0 = Release|Any CPU
		{88705438-39CE-43DE-BD49-1F6C399DAE87}.Debug|Any CPU.ActiveCfg = Debug|Any CPU
		{88705438-39CE-43DE-BD49-1F6C399DAE87}.Debug|Any CPU.Build.0 = Debug|Any CPU
		{88705438-39CE-43DE-BD49-1F6C399DAE87}.Debug|iPhone.ActiveCfg = Debug|Any CPU
		{88705438-39CE-43DE-BD49-1F6C399DAE87}.Debug|iPhone.Build.0 = Debug|Any CPU
		{88705438-39CE-43DE-BD49-1F6C399DAE87}.Debug|iPhoneSimulator.ActiveCfg = Debug|Any CPU
		{88705438-39CE-43DE-BD49-1F6C399DAE87}.Debug|iPhoneSimulator.Build.0 = Debug|Any CPU
		{88705438-39CE-43DE-BD49-1F6C399DAE87}.Release|Any CPU.ActiveCfg = Release|Any CPU
		{88705438-39CE-43DE-BD49-1F6C399DAE87}.Release|Any CPU.Build.0 = Release|Any CPU
		{88705438-39CE-43DE-BD49-1F6C399DAE87}.Release|iPhone.ActiveCfg = Release|Any CPU
		{88705438-39CE-43DE-BD49-1F6C399DAE87}.Release|iPhone.Build.0 = Release|Any CPU
		{88705438-39CE-43DE-BD49-1F6C399DAE87}.Release|iPhoneSimulator.ActiveCfg = Release|Any CPU
		{88705438-39CE-43DE-BD49-1F6C399DAE87}.Release|iPhoneSimulator.Build.0 = Release|Any CPU
		{D3BDE223-12D1-44C2-9030-154F94A58E1C}.Ad-Hoc|Any CPU.ActiveCfg = Debug|Any CPU
		{D3BDE223-12D1-44C2-9030-154F94A58E1C}.Ad-Hoc|Any CPU.Build.0 = Debug|Any CPU
		{D3BDE223-12D1-44C2-9030-154F94A58E1C}.Ad-Hoc|iPhone.ActiveCfg = Debug|Any CPU
		{D3BDE223-12D1-44C2-9030-154F94A58E1C}.Ad-Hoc|iPhone.Build.0 = Debug|Any CPU
		{D3BDE223-12D1-44C2-9030-154F94A58E1C}.Ad-Hoc|iPhoneSimulator.ActiveCfg = Debug|Any CPU
		{D3BDE223-12D1-44C2-9030-154F94A58E1C}.Ad-Hoc|iPhoneSimulator.Build.0 = Debug|Any CPU
		{D3BDE223-12D1-44C2-9030-154F94A58E1C}.AppStore|Any CPU.ActiveCfg = Debug|Any CPU
		{D3BDE223-12D1-44C2-9030-154F94A58E1C}.AppStore|Any CPU.Build.0 = Debug|Any CPU
		{D3BDE223-12D1-44C2-9030-154F94A58E1C}.AppStore|iPhone.ActiveCfg = Debug|Any CPU
		{D3BDE223-12D1-44C2-9030-154F94A58E1C}.AppStore|iPhone.Build.0 = Debug|Any CPU
		{D3BDE223-12D1-44C2-9030-154F94A58E1C}.AppStore|iPhoneSimulator.ActiveCfg = Debug|Any CPU
		{D3BDE223-12D1-44C2-9030-154F94A58E1C}.AppStore|iPhoneSimulator.Build.0 = Debug|Any CPU
		{D3BDE223-12D1-44C2-9030-154F94A58E1C}.Debug|Any CPU.ActiveCfg = Debug|Any CPU
		{D3BDE223-12D1-44C2-9030-154F94A58E1C}.Debug|Any CPU.Build.0 = Debug|Any CPU
		{D3BDE223-12D1-44C2-9030-154F94A58E1C}.Debug|iPhone.ActiveCfg = Debug|Any CPU
		{D3BDE223-12D1-44C2-9030-154F94A58E1C}.Debug|iPhone.Build.0 = Debug|Any CPU
		{D3BDE223-12D1-44C2-9030-154F94A58E1C}.Debug|iPhoneSimulator.ActiveCfg = Debug|Any CPU
		{D3BDE223-12D1-44C2-9030-154F94A58E1C}.Debug|iPhoneSimulator.Build.0 = Debug|Any CPU
		{D3BDE223-12D1-44C2-9030-154F94A58E1C}.Release|Any CPU.ActiveCfg = Release|Any CPU
		{D3BDE223-12D1-44C2-9030-154F94A58E1C}.Release|Any CPU.Build.0 = Release|Any CPU
		{D3BDE223-12D1-44C2-9030-154F94A58E1C}.Release|iPhone.ActiveCfg = Release|Any CPU
		{D3BDE223-12D1-44C2-9030-154F94A58E1C}.Release|iPhone.Build.0 = Release|Any CPU
		{D3BDE223-12D1-44C2-9030-154F94A58E1C}.Release|iPhoneSimulator.ActiveCfg = Release|Any CPU
		{D3BDE223-12D1-44C2-9030-154F94A58E1C}.Release|iPhoneSimulator.Build.0 = Release|Any CPU
		{4F5E2FC8-2074-47DA-9FEE-B071D640BB82}.Ad-Hoc|Any CPU.ActiveCfg = Debug|Any CPU
		{4F5E2FC8-2074-47DA-9FEE-B071D640BB82}.Ad-Hoc|Any CPU.Build.0 = Debug|Any CPU
		{4F5E2FC8-2074-47DA-9FEE-B071D640BB82}.Ad-Hoc|iPhone.ActiveCfg = Debug|Any CPU
		{4F5E2FC8-2074-47DA-9FEE-B071D640BB82}.Ad-Hoc|iPhone.Build.0 = Debug|Any CPU
		{4F5E2FC8-2074-47DA-9FEE-B071D640BB82}.Ad-Hoc|iPhoneSimulator.ActiveCfg = Debug|Any CPU
		{4F5E2FC8-2074-47DA-9FEE-B071D640BB82}.Ad-Hoc|iPhoneSimulator.Build.0 = Debug|Any CPU
		{4F5E2FC8-2074-47DA-9FEE-B071D640BB82}.AppStore|Any CPU.ActiveCfg = Debug|Any CPU
		{4F5E2FC8-2074-47DA-9FEE-B071D640BB82}.AppStore|Any CPU.Build.0 = Debug|Any CPU
		{4F5E2FC8-2074-47DA-9FEE-B071D640BB82}.AppStore|iPhone.ActiveCfg = Debug|Any CPU
		{4F5E2FC8-2074-47DA-9FEE-B071D640BB82}.AppStore|iPhone.Build.0 = Debug|Any CPU
		{4F5E2FC8-2074-47DA-9FEE-B071D640BB82}.AppStore|iPhoneSimulator.ActiveCfg = Debug|Any CPU
		{4F5E2FC8-2074-47DA-9FEE-B071D640BB82}.AppStore|iPhoneSimulator.Build.0 = Debug|Any CPU
		{4F5E2FC8-2074-47DA-9FEE-B071D640BB82}.Debug|Any CPU.ActiveCfg = Debug|Any CPU
		{4F5E2FC8-2074-47DA-9FEE-B071D640BB82}.Debug|Any CPU.Build.0 = Debug|Any CPU
		{4F5E2FC8-2074-47DA-9FEE-B071D640BB82}.Debug|iPhone.ActiveCfg = Debug|Any CPU
		{4F5E2FC8-2074-47DA-9FEE-B071D640BB82}.Debug|iPhone.Build.0 = Debug|Any CPU
		{4F5E2FC8-2074-47DA-9FEE-B071D640BB82}.Debug|iPhoneSimulator.ActiveCfg = Debug|Any CPU
		{4F5E2FC8-2074-47DA-9FEE-B071D640BB82}.Debug|iPhoneSimulator.Build.0 = Debug|Any CPU
		{4F5E2FC8-2074-47DA-9FEE-B071D640BB82}.Release|Any CPU.ActiveCfg = Release|Any CPU
		{4F5E2FC8-2074-47DA-9FEE-B071D640BB82}.Release|Any CPU.Build.0 = Release|Any CPU
		{4F5E2FC8-2074-47DA-9FEE-B071D640BB82}.Release|iPhone.ActiveCfg = Release|Any CPU
		{4F5E2FC8-2074-47DA-9FEE-B071D640BB82}.Release|iPhone.Build.0 = Release|Any CPU
		{4F5E2FC8-2074-47DA-9FEE-B071D640BB82}.Release|iPhoneSimulator.ActiveCfg = Release|Any CPU
		{4F5E2FC8-2074-47DA-9FEE-B071D640BB82}.Release|iPhoneSimulator.Build.0 = Release|Any CPU
		{FFE95060-E3CF-4F9E-A1D5-E84900410030}.Ad-Hoc|Any CPU.ActiveCfg = Debug|Any CPU
		{FFE95060-E3CF-4F9E-A1D5-E84900410030}.Ad-Hoc|Any CPU.Build.0 = Debug|Any CPU
		{FFE95060-E3CF-4F9E-A1D5-E84900410030}.Ad-Hoc|iPhone.ActiveCfg = Debug|Any CPU
		{FFE95060-E3CF-4F9E-A1D5-E84900410030}.Ad-Hoc|iPhone.Build.0 = Debug|Any CPU
		{FFE95060-E3CF-4F9E-A1D5-E84900410030}.Ad-Hoc|iPhoneSimulator.ActiveCfg = Debug|Any CPU
		{FFE95060-E3CF-4F9E-A1D5-E84900410030}.Ad-Hoc|iPhoneSimulator.Build.0 = Debug|Any CPU
		{FFE95060-E3CF-4F9E-A1D5-E84900410030}.AppStore|Any CPU.ActiveCfg = Debug|Any CPU
		{FFE95060-E3CF-4F9E-A1D5-E84900410030}.AppStore|Any CPU.Build.0 = Debug|Any CPU
		{FFE95060-E3CF-4F9E-A1D5-E84900410030}.AppStore|iPhone.ActiveCfg = Debug|Any CPU
		{FFE95060-E3CF-4F9E-A1D5-E84900410030}.AppStore|iPhone.Build.0 = Debug|Any CPU
		{FFE95060-E3CF-4F9E-A1D5-E84900410030}.AppStore|iPhoneSimulator.ActiveCfg = Debug|Any CPU
		{FFE95060-E3CF-4F9E-A1D5-E84900410030}.AppStore|iPhoneSimulator.Build.0 = Debug|Any CPU
		{FFE95060-E3CF-4F9E-A1D5-E84900410030}.Debug|Any CPU.ActiveCfg = Debug|Any CPU
		{FFE95060-E3CF-4F9E-A1D5-E84900410030}.Debug|Any CPU.Build.0 = Debug|Any CPU
		{FFE95060-E3CF-4F9E-A1D5-E84900410030}.Debug|iPhone.ActiveCfg = Debug|Any CPU
		{FFE95060-E3CF-4F9E-A1D5-E84900410030}.Debug|iPhone.Build.0 = Debug|Any CPU
		{FFE95060-E3CF-4F9E-A1D5-E84900410030}.Debug|iPhoneSimulator.ActiveCfg = Debug|Any CPU
		{FFE95060-E3CF-4F9E-A1D5-E84900410030}.Debug|iPhoneSimulator.Build.0 = Debug|Any CPU
		{FFE95060-E3CF-4F9E-A1D5-E84900410030}.Release|Any CPU.ActiveCfg = Release|Any CPU
		{FFE95060-E3CF-4F9E-A1D5-E84900410030}.Release|Any CPU.Build.0 = Release|Any CPU
		{FFE95060-E3CF-4F9E-A1D5-E84900410030}.Release|iPhone.ActiveCfg = Release|Any CPU
		{FFE95060-E3CF-4F9E-A1D5-E84900410030}.Release|iPhone.Build.0 = Release|Any CPU
		{FFE95060-E3CF-4F9E-A1D5-E84900410030}.Release|iPhoneSimulator.ActiveCfg = Release|Any CPU
		{FFE95060-E3CF-4F9E-A1D5-E84900410030}.Release|iPhoneSimulator.Build.0 = Release|Any CPU
		{678DFAB9-D1E9-430A-AF12-BADDEDA95743}.Ad-Hoc|Any CPU.ActiveCfg = Debug|Any CPU
		{678DFAB9-D1E9-430A-AF12-BADDEDA95743}.Ad-Hoc|Any CPU.Build.0 = Debug|Any CPU
		{678DFAB9-D1E9-430A-AF12-BADDEDA95743}.Ad-Hoc|iPhone.ActiveCfg = Debug|Any CPU
		{678DFAB9-D1E9-430A-AF12-BADDEDA95743}.Ad-Hoc|iPhone.Build.0 = Debug|Any CPU
		{678DFAB9-D1E9-430A-AF12-BADDEDA95743}.Ad-Hoc|iPhoneSimulator.ActiveCfg = Debug|Any CPU
		{678DFAB9-D1E9-430A-AF12-BADDEDA95743}.Ad-Hoc|iPhoneSimulator.Build.0 = Debug|Any CPU
		{678DFAB9-D1E9-430A-AF12-BADDEDA95743}.AppStore|Any CPU.ActiveCfg = Debug|Any CPU
		{678DFAB9-D1E9-430A-AF12-BADDEDA95743}.AppStore|Any CPU.Build.0 = Debug|Any CPU
		{678DFAB9-D1E9-430A-AF12-BADDEDA95743}.AppStore|iPhone.ActiveCfg = Debug|Any CPU
		{678DFAB9-D1E9-430A-AF12-BADDEDA95743}.AppStore|iPhone.Build.0 = Debug|Any CPU
		{678DFAB9-D1E9-430A-AF12-BADDEDA95743}.AppStore|iPhoneSimulator.ActiveCfg = Debug|Any CPU
		{678DFAB9-D1E9-430A-AF12-BADDEDA95743}.AppStore|iPhoneSimulator.Build.0 = Debug|Any CPU
		{678DFAB9-D1E9-430A-AF12-BADDEDA95743}.Debug|Any CPU.ActiveCfg = Debug|Any CPU
		{678DFAB9-D1E9-430A-AF12-BADDEDA95743}.Debug|Any CPU.Build.0 = Debug|Any CPU
		{678DFAB9-D1E9-430A-AF12-BADDEDA95743}.Debug|iPhone.ActiveCfg = Debug|Any CPU
		{678DFAB9-D1E9-430A-AF12-BADDEDA95743}.Debug|iPhone.Build.0 = Debug|Any CPU
		{678DFAB9-D1E9-430A-AF12-BADDEDA95743}.Debug|iPhoneSimulator.ActiveCfg = Debug|Any CPU
		{678DFAB9-D1E9-430A-AF12-BADDEDA95743}.Debug|iPhoneSimulator.Build.0 = Debug|Any CPU
		{678DFAB9-D1E9-430A-AF12-BADDEDA95743}.Release|Any CPU.ActiveCfg = Release|Any CPU
		{678DFAB9-D1E9-430A-AF12-BADDEDA95743}.Release|Any CPU.Build.0 = Release|Any CPU
		{678DFAB9-D1E9-430A-AF12-BADDEDA95743}.Release|iPhone.ActiveCfg = Release|Any CPU
		{678DFAB9-D1E9-430A-AF12-BADDEDA95743}.Release|iPhone.Build.0 = Release|Any CPU
		{678DFAB9-D1E9-430A-AF12-BADDEDA95743}.Release|iPhoneSimulator.ActiveCfg = Release|Any CPU
		{678DFAB9-D1E9-430A-AF12-BADDEDA95743}.Release|iPhoneSimulator.Build.0 = Release|Any CPU
		{F1CA6351-F7E8-4C53-B295-A590A974F9D6}.Ad-Hoc|Any CPU.ActiveCfg = Debug|Any CPU
		{F1CA6351-F7E8-4C53-B295-A590A974F9D6}.Ad-Hoc|Any CPU.Build.0 = Debug|Any CPU
		{F1CA6351-F7E8-4C53-B295-A590A974F9D6}.Ad-Hoc|iPhone.ActiveCfg = Debug|Any CPU
		{F1CA6351-F7E8-4C53-B295-A590A974F9D6}.Ad-Hoc|iPhone.Build.0 = Debug|Any CPU
		{F1CA6351-F7E8-4C53-B295-A590A974F9D6}.Ad-Hoc|iPhoneSimulator.ActiveCfg = Debug|Any CPU
		{F1CA6351-F7E8-4C53-B295-A590A974F9D6}.Ad-Hoc|iPhoneSimulator.Build.0 = Debug|Any CPU
		{F1CA6351-F7E8-4C53-B295-A590A974F9D6}.AppStore|Any CPU.ActiveCfg = Debug|Any CPU
		{F1CA6351-F7E8-4C53-B295-A590A974F9D6}.AppStore|Any CPU.Build.0 = Debug|Any CPU
		{F1CA6351-F7E8-4C53-B295-A590A974F9D6}.AppStore|iPhone.ActiveCfg = Debug|Any CPU
		{F1CA6351-F7E8-4C53-B295-A590A974F9D6}.AppStore|iPhone.Build.0 = Debug|Any CPU
		{F1CA6351-F7E8-4C53-B295-A590A974F9D6}.AppStore|iPhoneSimulator.ActiveCfg = Debug|Any CPU
		{F1CA6351-F7E8-4C53-B295-A590A974F9D6}.AppStore|iPhoneSimulator.Build.0 = Debug|Any CPU
		{F1CA6351-F7E8-4C53-B295-A590A974F9D6}.Debug|Any CPU.ActiveCfg = Debug|Any CPU
		{F1CA6351-F7E8-4C53-B295-A590A974F9D6}.Debug|Any CPU.Build.0 = Debug|Any CPU
		{F1CA6351-F7E8-4C53-B295-A590A974F9D6}.Debug|iPhone.ActiveCfg = Debug|Any CPU
		{F1CA6351-F7E8-4C53-B295-A590A974F9D6}.Debug|iPhone.Build.0 = Debug|Any CPU
		{F1CA6351-F7E8-4C53-B295-A590A974F9D6}.Debug|iPhoneSimulator.ActiveCfg = Debug|Any CPU
		{F1CA6351-F7E8-4C53-B295-A590A974F9D6}.Debug|iPhoneSimulator.Build.0 = Debug|Any CPU
		{F1CA6351-F7E8-4C53-B295-A590A974F9D6}.Release|Any CPU.ActiveCfg = Release|Any CPU
		{F1CA6351-F7E8-4C53-B295-A590A974F9D6}.Release|Any CPU.Build.0 = Release|Any CPU
		{F1CA6351-F7E8-4C53-B295-A590A974F9D6}.Release|iPhone.ActiveCfg = Release|Any CPU
		{F1CA6351-F7E8-4C53-B295-A590A974F9D6}.Release|iPhone.Build.0 = Release|Any CPU
		{F1CA6351-F7E8-4C53-B295-A590A974F9D6}.Release|iPhoneSimulator.ActiveCfg = Release|Any CPU
		{F1CA6351-F7E8-4C53-B295-A590A974F9D6}.Release|iPhoneSimulator.Build.0 = Release|Any CPU
		{1A01DF43-35C8-4DA8-B0BE-A95773916F78}.Ad-Hoc|Any CPU.ActiveCfg = Ad-Hoc|iPhone
		{1A01DF43-35C8-4DA8-B0BE-A95773916F78}.Ad-Hoc|Any CPU.Build.0 = Ad-Hoc|iPhone
		{1A01DF43-35C8-4DA8-B0BE-A95773916F78}.Ad-Hoc|iPhone.ActiveCfg = Ad-Hoc|iPhone
		{1A01DF43-35C8-4DA8-B0BE-A95773916F78}.Ad-Hoc|iPhone.Build.0 = Ad-Hoc|iPhone
		{1A01DF43-35C8-4DA8-B0BE-A95773916F78}.Ad-Hoc|iPhoneSimulator.ActiveCfg = Debug|iPhoneSimulator
		{1A01DF43-35C8-4DA8-B0BE-A95773916F78}.Ad-Hoc|iPhoneSimulator.Build.0 = Debug|iPhoneSimulator
		{1A01DF43-35C8-4DA8-B0BE-A95773916F78}.AppStore|Any CPU.ActiveCfg = AppStore|iPhone
		{1A01DF43-35C8-4DA8-B0BE-A95773916F78}.AppStore|Any CPU.Build.0 = AppStore|iPhone
		{1A01DF43-35C8-4DA8-B0BE-A95773916F78}.AppStore|iPhone.ActiveCfg = AppStore|iPhone
		{1A01DF43-35C8-4DA8-B0BE-A95773916F78}.AppStore|iPhone.Build.0 = AppStore|iPhone
		{1A01DF43-35C8-4DA8-B0BE-A95773916F78}.AppStore|iPhoneSimulator.ActiveCfg = Debug|iPhoneSimulator
		{1A01DF43-35C8-4DA8-B0BE-A95773916F78}.AppStore|iPhoneSimulator.Build.0 = Debug|iPhoneSimulator
		{1A01DF43-35C8-4DA8-B0BE-A95773916F78}.Debug|Any CPU.ActiveCfg = Debug|iPhoneSimulator
		{1A01DF43-35C8-4DA8-B0BE-A95773916F78}.Debug|Any CPU.Build.0 = Debug|iPhoneSimulator
		{1A01DF43-35C8-4DA8-B0BE-A95773916F78}.Debug|iPhone.ActiveCfg = Debug|iPhone
		{1A01DF43-35C8-4DA8-B0BE-A95773916F78}.Debug|iPhone.Build.0 = Debug|iPhone
		{1A01DF43-35C8-4DA8-B0BE-A95773916F78}.Debug|iPhoneSimulator.ActiveCfg = Debug|iPhoneSimulator
		{1A01DF43-35C8-4DA8-B0BE-A95773916F78}.Debug|iPhoneSimulator.Build.0 = Debug|iPhoneSimulator
		{1A01DF43-35C8-4DA8-B0BE-A95773916F78}.Release|Any CPU.ActiveCfg = Release|iPhoneSimulator
		{1A01DF43-35C8-4DA8-B0BE-A95773916F78}.Release|Any CPU.Build.0 = Release|iPhoneSimulator
		{1A01DF43-35C8-4DA8-B0BE-A95773916F78}.Release|iPhone.ActiveCfg = Release|iPhone
		{1A01DF43-35C8-4DA8-B0BE-A95773916F78}.Release|iPhone.Build.0 = Release|iPhone
		{1A01DF43-35C8-4DA8-B0BE-A95773916F78}.Release|iPhoneSimulator.ActiveCfg = Release|iPhoneSimulator
		{1A01DF43-35C8-4DA8-B0BE-A95773916F78}.Release|iPhoneSimulator.Build.0 = Release|iPhoneSimulator
		{E3EBA97F-3A34-4758-8311-648B9C79ED71}.Ad-Hoc|Any CPU.ActiveCfg = Debug|Any CPU
		{E3EBA97F-3A34-4758-8311-648B9C79ED71}.Ad-Hoc|Any CPU.Build.0 = Debug|Any CPU
		{E3EBA97F-3A34-4758-8311-648B9C79ED71}.Ad-Hoc|iPhone.ActiveCfg = Debug|Any CPU
		{E3EBA97F-3A34-4758-8311-648B9C79ED71}.Ad-Hoc|iPhone.Build.0 = Debug|Any CPU
		{E3EBA97F-3A34-4758-8311-648B9C79ED71}.Ad-Hoc|iPhoneSimulator.ActiveCfg = Debug|Any CPU
		{E3EBA97F-3A34-4758-8311-648B9C79ED71}.Ad-Hoc|iPhoneSimulator.Build.0 = Debug|Any CPU
		{E3EBA97F-3A34-4758-8311-648B9C79ED71}.AppStore|Any CPU.ActiveCfg = Debug|Any CPU
		{E3EBA97F-3A34-4758-8311-648B9C79ED71}.AppStore|Any CPU.Build.0 = Debug|Any CPU
		{E3EBA97F-3A34-4758-8311-648B9C79ED71}.AppStore|iPhone.ActiveCfg = Debug|Any CPU
		{E3EBA97F-3A34-4758-8311-648B9C79ED71}.AppStore|iPhone.Build.0 = Debug|Any CPU
		{E3EBA97F-3A34-4758-8311-648B9C79ED71}.AppStore|iPhoneSimulator.ActiveCfg = Debug|Any CPU
		{E3EBA97F-3A34-4758-8311-648B9C79ED71}.AppStore|iPhoneSimulator.Build.0 = Debug|Any CPU
		{E3EBA97F-3A34-4758-8311-648B9C79ED71}.Debug|Any CPU.ActiveCfg = Debug|Any CPU
		{E3EBA97F-3A34-4758-8311-648B9C79ED71}.Debug|Any CPU.Build.0 = Debug|Any CPU
		{E3EBA97F-3A34-4758-8311-648B9C79ED71}.Debug|iPhone.ActiveCfg = Debug|Any CPU
		{E3EBA97F-3A34-4758-8311-648B9C79ED71}.Debug|iPhone.Build.0 = Debug|Any CPU
		{E3EBA97F-3A34-4758-8311-648B9C79ED71}.Debug|iPhoneSimulator.ActiveCfg = Debug|Any CPU
		{E3EBA97F-3A34-4758-8311-648B9C79ED71}.Debug|iPhoneSimulator.Build.0 = Debug|Any CPU
		{E3EBA97F-3A34-4758-8311-648B9C79ED71}.Release|Any CPU.ActiveCfg = Release|Any CPU
		{E3EBA97F-3A34-4758-8311-648B9C79ED71}.Release|Any CPU.Build.0 = Release|Any CPU
		{E3EBA97F-3A34-4758-8311-648B9C79ED71}.Release|iPhone.ActiveCfg = Release|Any CPU
		{E3EBA97F-3A34-4758-8311-648B9C79ED71}.Release|iPhone.Build.0 = Release|Any CPU
		{E3EBA97F-3A34-4758-8311-648B9C79ED71}.Release|iPhoneSimulator.ActiveCfg = Release|Any CPU
		{E3EBA97F-3A34-4758-8311-648B9C79ED71}.Release|iPhoneSimulator.Build.0 = Release|Any CPU
	EndGlobalSection
	GlobalSection(SolutionProperties) = preSolution
		HideSolutionNode = FALSE
	EndGlobalSection
	GlobalSection(NestedProjects) = preSolution
		{88705438-39CE-43DE-BD49-1F6C399DAE87} = {1C5E30A2-8ACF-4638-8A9B-4B2F50FFF098}
		{D3BDE223-12D1-44C2-9030-154F94A58E1C} = {5E2342C6-35AA-40F1-B8AE-2248F928F9E3}
		{4F5E2FC8-2074-47DA-9FEE-B071D640BB82} = {5E2342C6-35AA-40F1-B8AE-2248F928F9E3}
		{FFE95060-E3CF-4F9E-A1D5-E84900410030} = {5E2342C6-35AA-40F1-B8AE-2248F928F9E3}
		{678DFAB9-D1E9-430A-AF12-BADDEDA95743} = {5E2342C6-35AA-40F1-B8AE-2248F928F9E3}
		{F1CA6351-F7E8-4C53-B295-A590A974F9D6} = {C9AF56AD-549F-4DD0-BAEE-EE9A9C68638D}
		{1A01DF43-35C8-4DA8-B0BE-A95773916F78} = {C9AF56AD-549F-4DD0-BAEE-EE9A9C68638D}
		{E3EBA97F-3A34-4758-8311-648B9C79ED71} = {C9AF56AD-549F-4DD0-BAEE-EE9A9C68638D}
	EndGlobalSection
	GlobalSection(ExtensibilityGlobals) = postSolution
		SolutionGuid = {583CBF45-7632-4343-9154-5044E057F3FB}
	EndGlobalSection
EndGlobal
