
Microsoft Visual Studio Solution File, Format Version 12.00
# Visual Studio 2013
VisualStudioVersion = 12.0.30110.0
MinimumVisualStudioVersion = 10.0.40219.1
Project("{FAE04EC0-301F-11D3-BF4B-00C04F79EFBC}") = "AsyncSocketServer", "AsyncSocketServer\AsyncSocketServer.csproj", "{C2F82E47-5BFC-4A9D-B176-F35E22A5B37A}"
EndProject
Project("{FAE04EC0-301F-11D3-BF4B-00C04F79EFBC}") = "AsyncSocketClient", "AsyncSocketClient\AsyncSocketClient.csproj", "{F9AB1CEF-4B51-4B00-BB7F-29876142467E}"
EndProject
Global
	GlobalSection(TeamFoundationVersionControl) = preSolution
		SccNumberOfProjects = 3
		SccEnterpriseProvider = {4CA58AB2-18FA-4F8D-95D4-32DDF27D184C}
		SccTeamFoundationServer = https://dormendo.visualstudio.com/defaultcollection
		SccLocalPath0 = .
		SccProjectUniqueName1 = AsyncSocketClient\\AsyncSocketClient.csproj
		SccProjectName1 = AsyncSocketClient
		SccLocalPath1 = AsyncSocketClient
		SccProjectUniqueName2 = AsyncSocketServer\\AsyncSocketServer.csproj
		SccProjectName2 = AsyncSocketServer
		SccLocalPath2 = AsyncSocketServer
	EndGlobalSection
	GlobalSection(SolutionConfigurationPlatforms) = preSolution
		Debug|Any CPU = Debug|Any CPU
		Release|Any CPU = Release|Any CPU
	EndGlobalSection
	GlobalSection(ProjectConfigurationPlatforms) = postSolution
		{C2F82E47-5BFC-4A9D-B176-F35E22A5B37A}.Debug|Any CPU.ActiveCfg = Debug|Any CPU
		{C2F82E47-5BFC-4A9D-B176-F35E22A5B37A}.Debug|Any CPU.Build.0 = Debug|Any CPU
		{C2F82E47-5BFC-4A9D-B176-F35E22A5B37A}.Release|Any CPU.ActiveCfg = Release|Any CPU
		{C2F82E47-5BFC-4A9D-B176-F35E22A5B37A}.Release|Any CPU.Build.0 = Release|Any CPU
		{F9AB1CEF-4B51-4B00-BB7F-29876142467E}.Debug|Any CPU.ActiveCfg = Debug|Any CPU
		{F9AB1CEF-4B51-4B00-BB7F-29876142467E}.Debug|Any CPU.Build.0 = Debug|Any CPU
		{F9AB1CEF-4B51-4B00-BB7F-29876142467E}.Release|Any CPU.ActiveCfg = Release|Any CPU
		{F9AB1CEF-4B51-4B00-BB7F-29876142467E}.Release|Any CPU.Build.0 = Release|Any CPU
	EndGlobalSection
	GlobalSection(SolutionProperties) = preSolution
		HideSolutionNode = FALSE
	EndGlobalSection
EndGlobal
